
Microsoft Visual Studio Solution File, Format Version 12.00
# Visual Studio Version 17
VisualStudioVersion = 17.8.34330.188
MinimumVisualStudioVersion = 10.0.40219.1
Project("{FAE04EC0-301F-11D3-BF4B-00C04F79EFBC}") = "BackgrounTest", "BackgrounTest.csproj", "{396D522D-1671-4F3F-B327-7D724F07AB9A}"
EndProject
Global
	GlobalSection(SolutionConfigurationPlatforms) = preSolution
		Debug|Any CPU = Debug|Any CPU
		Release|Any CPU = Release|Any CPU
	EndGlobalSection
	GlobalSection(ProjectConfigurationPlatforms) = postSolution
		{396D522D-1671-4F3F-B327-7D724F07AB9A}.Debug|Any CPU.ActiveCfg = Debug|Any CPU
		{396D522D-1671-4F3F-B327-7D724F07AB9A}.Debug|Any CPU.Build.0 = Debug|Any CPU
		{396D522D-1671-4F3F-B327-7D724F07AB9A}.Release|Any CPU.ActiveCfg = Release|Any CPU
		{396D522D-1671-4F3F-B327-7D724F07AB9A}.Release|Any CPU.Build.0 = Release|Any CPU
	EndGlobalSection
	GlobalSection(SolutionProperties) = preSolution
		HideSolutionNode = FALSE
	EndGlobalSection
	GlobalSection(ExtensibilityGlobals) = postSolution
		SolutionGuid = {A5EC1939-ACA6-4915-9130-144599D519C3}
	EndGlobalSection
EndGlobal
